{
  "name": "comic-today",
  "version": "0.1.0",
  "lockfileVersion": 1,
  "requires": true,
  "dependencies": {
    "@cells/cells-bridge": {
      "version": "3.8.1",
      "resolved": "https://globaldevtools.bbva.com:443/artifactory/api/npm/npm-repo/@cells/cells-bridge/-/@cells/cells-bridge-3.8.1.tgz",
      "integrity": "sha1-x6gA13CKlCE0/WPtqmba7clmAD4=",
      "requires": {
        "es5-dot-prop": "^4.1.1"
      }
    },
    "cells-app-template": {
      "version": "3.1.1",
      "resolved": "https://globaldevtools.bbva.com:443/artifactory/api/npm/npm-repo/cells-app-template/-/cells-app-template-3.1.1.tgz",
      "integrity": "sha1-57Qz0TFRpGYH9vKHhZtZzptNB8c="
    },
    "es5-dot-prop": {
      "version": "4.1.1",
      "resolved": "https://globaldevtools.bbva.com:443/artifactory/api/npm/npm-repo/es5-dot-prop/-/es5-dot-prop-4.1.1.tgz",
      "integrity": "sha1-chAhU+q7N0DWa3Ndphbi3Zvlc3s=",
      "requires": {
        "is-obj": "^1.0.0"
      }
    },
    "is-obj": {
      "version": "1.0.1",
      "resolved": "https://globaldevtools.bbva.com:443/artifactory/api/npm/npm-repo/is-obj/-/is-obj-1.0.1.tgz",
      "integrity": "sha1-PkcprB9f3gJc19g6iW2rn09n2w8="
    }
  }
}
